
Microsoft Visual Studio Solution File, Format Version 12.00
# Visual Studio Version 16
VisualStudioVersion = 16.0.30011.22
MinimumVisualStudioVersion = 10.0.40219.1
Project("{8BC9CEB8-8B4A-11D0-8D11-00A0C91BC942}") = "J2D", "J2D.vcxproj", "{115523BC-77EB-42DC-9456-7387515777DE}"
EndProject
Global
	GlobalSection(SolutionConfigurationPlatforms) = preSolution
		Debug|x64 = Debug|x64
		Debug|x86 = Debug|x86
		Release|x64 = Release|x64
		Release|x86 = Release|x86
	EndGlobalSection
	GlobalSection(ProjectConfigurationPlatforms) = postSolution
		{115523BC-77EB-42DC-9456-7387515777DE}.Debug|x64.ActiveCfg = Debug|x64
		{115523BC-77EB-42DC-9456-7387515777DE}.Debug|x64.Build.0 = Debug|x64
		{115523BC-77EB-42DC-9456-7387515777DE}.Debug|x86.ActiveCfg = Debug|Win32
		{115523BC-77EB-42DC-9456-7387515777DE}.Debug|x86.Build.0 = Debug|Win32
		{115523BC-77EB-42DC-9456-7387515777DE}.Release|x64.ActiveCfg = Release|x64
		{115523BC-77EB-42DC-9456-7387515777DE}.Release|x64.Build.0 = Release|x64
		{115523BC-77EB-42DC-9456-7387515777DE}.Release|x86.ActiveCfg = Release|Win32
		{115523BC-77EB-42DC-9456-7387515777DE}.Release|x86.Build.0 = Release|Win32
	EndGlobalSection
	GlobalSection(SolutionProperties) = preSolution
		HideSolutionNode = FALSE
	EndGlobalSection
	GlobalSection(ExtensibilityGlobals) = postSolution
		SolutionGuid = {435CA4F0-9636-44CD-A811-B97EA6DD7854}
	EndGlobalSection
EndGlobal
